
Microsoft Visual Studio Solution File, Format Version 12.00
# Visual Studio Version 17
VisualStudioVersion = 17.2.32630.192
MinimumVisualStudioVersion = 10.0.40219.1
Project("{54A90642-561A-4BB1-A94E-469ADEE60C69}") = "notepad", "notepad\notepad.esproj", "{5E00FD89-4431-462D-A43E-654773319C33}"
EndProject
Global
	GlobalSection(SolutionConfigurationPlatforms) = preSolution
		Debug|Any CPU = Debug|Any CPU
		Release|Any CPU = Release|Any CPU
	EndGlobalSection
	GlobalSection(ProjectConfigurationPlatforms) = postSolution
		{5E00FD89-4431-462D-A43E-654773319C33}.Debug|Any CPU.ActiveCfg = Debug|Any CPU
		{5E00FD89-4431-462D-A43E-654773319C33}.Debug|Any CPU.Build.0 = Debug|Any CPU
		{5E00FD89-4431-462D-A43E-654773319C33}.Debug|Any CPU.Deploy.0 = Debug|Any CPU
		{5E00FD89-4431-462D-A43E-654773319C33}.Release|Any CPU.ActiveCfg = Release|Any CPU
		{5E00FD89-4431-462D-A43E-654773319C33}.Release|Any CPU.Build.0 = Release|Any CPU
		{5E00FD89-4431-462D-A43E-654773319C33}.Release|Any CPU.Deploy.0 = Release|Any CPU
	EndGlobalSection
	GlobalSection(SolutionProperties) = preSolution
		HideSolutionNode = FALSE
	EndGlobalSection
	GlobalSection(ExtensibilityGlobals) = postSolution
		SolutionGuid = {030CFFE3-865A-43D1-A5F7-3B61B00D9621}
	EndGlobalSection
EndGlobal
